
Microsoft Visual Studio Solution File, Format Version 12.00
# Visual Studio Version 17
VisualStudioVersion = 17.0.31903.59
MinimumVisualStudioVersion = 10.0.40219.1
Project("{FAE04EC0-301F-11D3-BF4B-00C04F79EFBC}") = "ConsoleApp1", "ConsoleApp1\ConsoleApp1.csproj", "{6A581524-0159-4B3E-A510-B56F09D6011D}"
EndProject
Project("{FAE04EC0-301F-11D3-BF4B-00C04F79EFBC}") = "ClassLibrary1", "ClassLibrary1\ClassLibrary1.csproj", "{9E7D4A94-C8DC-4419-ADC4-26CE1E77C523}"
EndProject
Project("{FAE04EC0-301F-11D3-BF4B-00C04F79EFBC}") = "TestProject1", "TestProject1\TestProject1.csproj", "{23557492-7C51-49F6-9161-49E60F82C6E3}"
EndProject
Project("{2150E333-8FDC-42A3-9474-1A3956D46DE8}") = ".github", ".github", "{C004AFC2-D41A-45A1-8A8F-6FB718A2F749}"
EndProject
Project("{2150E333-8FDC-42A3-9474-1A3956D46DE8}") = "workflows", "workflows", "{DCCC3E74-723E-40C5-88A4-943D5C909736}"
	ProjectSection(SolutionItems) = preProject
		buildandtest.yaml = buildandtest.yaml
	EndProjectSection
EndProject
Global
	GlobalSection(SolutionConfigurationPlatforms) = preSolution
		Debug|Any CPU = Debug|Any CPU
		Release|Any CPU = Release|Any CPU
	EndGlobalSection
	GlobalSection(ProjectConfigurationPlatforms) = postSolution
		{6A581524-0159-4B3E-A510-B56F09D6011D}.Debug|Any CPU.ActiveCfg = Debug|Any CPU
		{6A581524-0159-4B3E-A510-B56F09D6011D}.Debug|Any CPU.Build.0 = Debug|Any CPU
		{6A581524-0159-4B3E-A510-B56F09D6011D}.Release|Any CPU.ActiveCfg = Release|Any CPU
		{6A581524-0159-4B3E-A510-B56F09D6011D}.Release|Any CPU.Build.0 = Release|Any CPU
		{9E7D4A94-C8DC-4419-ADC4-26CE1E77C523}.Debug|Any CPU.ActiveCfg = Debug|Any CPU
		{9E7D4A94-C8DC-4419-ADC4-26CE1E77C523}.Debug|Any CPU.Build.0 = Debug|Any CPU
		{9E7D4A94-C8DC-4419-ADC4-26CE1E77C523}.Release|Any CPU.ActiveCfg = Release|Any CPU
		{9E7D4A94-C8DC-4419-ADC4-26CE1E77C523}.Release|Any CPU.Build.0 = Release|Any CPU
		{23557492-7C51-49F6-9161-49E60F82C6E3}.Debug|Any CPU.ActiveCfg = Debug|Any CPU
		{23557492-7C51-49F6-9161-49E60F82C6E3}.Debug|Any CPU.Build.0 = Debug|Any CPU
		{23557492-7C51-49F6-9161-49E60F82C6E3}.Release|Any CPU.ActiveCfg = Release|Any CPU
		{23557492-7C51-49F6-9161-49E60F82C6E3}.Release|Any CPU.Build.0 = Release|Any CPU
	EndGlobalSection
	GlobalSection(SolutionProperties) = preSolution
		HideSolutionNode = FALSE
	EndGlobalSection
	GlobalSection(NestedProjects) = preSolution
		{DCCC3E74-723E-40C5-88A4-943D5C909736} = {C004AFC2-D41A-45A1-8A8F-6FB718A2F749}
	EndGlobalSection
	GlobalSection(ExtensibilityGlobals) = postSolution
		SolutionGuid = {494840BD-FAB0-462A-BBDF-41BB792B6C66}
	EndGlobalSection
EndGlobal
